PODS:
  - Realm (10.52.2):
    - Realm/Headers (= 10.52.2)
  - Realm/Headers (10.52.2)
  - RealmSwift (10.52.2):
    - Realm (= 10.52.2)

DEPENDENCIES:
  - RealmSwift (~> 10)

SPEC REPOS:
  trunk:
    - Realm
    - RealmSwift

SPEC CHECKSUMS:
  Realm: e44eb7d20fe469fe1179894fd356727b8fbe61c2
  RealmSwift: 7aacbd3101158f7d54c930bcfcfaafadbd376ffc

PODFILE CHECKSUM: f98768f86c40b6ef2607a24db4357259203d90f7

COCOAPODS: 1.15.2
